
Microsoft Visual Studio Solution File, Format Version 12.00
# Visual Studio 15
VisualStudioVersion = 15.0.28010.2036
MinimumVisualStudioVersion = 10.0.40219.1
Project("{9A19103F-16F7-4668-BE54-9A1E7A4F7556}") = "InternetHospital.BusinessLogic", "InternetHospital.BusinessLogic\InternetHospital.BusinessLogic.csproj", "{750B5456-B6FF-4EDC-BC49-557813A13CEA}"
	ProjectSection(ProjectDependencies) = postProject
		{1798A449-A72E-46CA-BD3A-8CBCFB16C7FD} = {1798A449-A72E-46CA-BD3A-8CBCFB16C7FD}
	EndProjectSection
EndProject
Project("{9A19103F-16F7-4668-BE54-9A1E7A4F7556}") = "InternetHospital.DataAccess", "InternetHospital.DataAccess\InternetHospital.DataAccess.csproj", "{1798A449-A72E-46CA-BD3A-8CBCFB16C7FD}"
EndProject
Project("{9A19103F-16F7-4668-BE54-9A1E7A4F7556}") = "InternetHospital.WebApi", "InternetHospital.WebApi\InternetHospital.WebApi.csproj", "{7361DB0D-7314-4205-A524-056CDEFD861B}"
EndProject
Project("{FAE04EC0-301F-11D3-BF4B-00C04F79EFBC}") = "InternetHospital.WebApi.Tests", "InternetHospital.WebApi.Tests\InternetHospital.WebApi.Tests.csproj", "{862D32F0-BB1F-4800-B434-5E9392F0011B}"
EndProject
Project("{FAE04EC0-301F-11D3-BF4B-00C04F79EFBC}") = "InternetHospital.BusinessLogic.Tests", "InternetHospital.BusinessLogic.Tests\InternetHospital.BusinessLogic.Tests.csproj", "{70B63224-6DB5-4329-9CA5-5ECC9AA3CF57}"
EndProject
Project("{FAE04EC0-301F-11D3-BF4B-00C04F79EFBC}") = "InternetHospital.DataAccess.Tests", "InternetHospital.DataAccess.Tests\InternetHospital.DataAccess.Tests.csproj", "{42CC61B2-D6D2-43DC-B7E7-D90BCD2526BC}"
EndProject
Global
	GlobalSection(SolutionConfigurationPlatforms) = preSolution
		Debug|Any CPU = Debug|Any CPU
		Release|Any CPU = Release|Any CPU
	EndGlobalSection
	GlobalSection(ProjectConfigurationPlatforms) = postSolution
		{750B5456-B6FF-4EDC-BC49-557813A13CEA}.Debug|Any CPU.ActiveCfg = Debug|Any CPU
		{750B5456-B6FF-4EDC-BC49-557813A13CEA}.Debug|Any CPU.Build.0 = Debug|Any CPU
		{750B5456-B6FF-4EDC-BC49-557813A13CEA}.Release|Any CPU.ActiveCfg = Release|Any CPU
		{750B5456-B6FF-4EDC-BC49-557813A13CEA}.Release|Any CPU.Build.0 = Release|Any CPU
		{1798A449-A72E-46CA-BD3A-8CBCFB16C7FD}.Debug|Any CPU.ActiveCfg = Debug|Any CPU
		{1798A449-A72E-46CA-BD3A-8CBCFB16C7FD}.Debug|Any CPU.Build.0 = Debug|Any CPU
		{1798A449-A72E-46CA-BD3A-8CBCFB16C7FD}.Release|Any CPU.ActiveCfg = Release|Any CPU
		{1798A449-A72E-46CA-BD3A-8CBCFB16C7FD}.Release|Any CPU.Build.0 = Release|Any CPU
		{7361DB0D-7314-4205-A524-056CDEFD861B}.Debug|Any CPU.ActiveCfg = Debug|Any CPU
		{7361DB0D-7314-4205-A524-056CDEFD861B}.Debug|Any CPU.Build.0 = Debug|Any CPU
		{7361DB0D-7314-4205-A524-056CDEFD861B}.Release|Any CPU.ActiveCfg = Release|Any CPU
		{7361DB0D-7314-4205-A524-056CDEFD861B}.Release|Any CPU.Build.0 = Release|Any CPU
		{862D32F0-BB1F-4800-B434-5E9392F0011B}.Debug|Any CPU.ActiveCfg = Debug|Any CPU
		{862D32F0-BB1F-4800-B434-5E9392F0011B}.Debug|Any CPU.Build.0 = Debug|Any CPU
		{862D32F0-BB1F-4800-B434-5E9392F0011B}.Release|Any CPU.ActiveCfg = Release|Any CPU
		{862D32F0-BB1F-4800-B434-5E9392F0011B}.Release|Any CPU.Build.0 = Release|Any CPU
		{70B63224-6DB5-4329-9CA5-5ECC9AA3CF57}.Debug|Any CPU.ActiveCfg = Debug|Any CPU
		{70B63224-6DB5-4329-9CA5-5ECC9AA3CF57}.Debug|Any CPU.Build.0 = Debug|Any CPU
		{70B63224-6DB5-4329-9CA5-5ECC9AA3CF57}.Release|Any CPU.ActiveCfg = Release|Any CPU
		{70B63224-6DB5-4329-9CA5-5ECC9AA3CF57}.Release|Any CPU.Build.0 = Release|Any CPU
		{42CC61B2-D6D2-43DC-B7E7-D90BCD2526BC}.Debug|Any CPU.ActiveCfg = Debug|Any CPU
		{42CC61B2-D6D2-43DC-B7E7-D90BCD2526BC}.Debug|Any CPU.Build.0 = Debug|Any CPU
		{42CC61B2-D6D2-43DC-B7E7-D90BCD2526BC}.Release|Any CPU.ActiveCfg = Release|Any CPU
		{42CC61B2-D6D2-43DC-B7E7-D90BCD2526BC}.Release|Any CPU.Build.0 = Release|Any CPU
	EndGlobalSection
	GlobalSection(SolutionProperties) = preSolution
		HideSolutionNode = FALSE
	EndGlobalSection
	GlobalSection(ExtensibilityGlobals) = postSolution
		SolutionGuid = {C076695E-F0FA-4D00-A794-E89B9A1C03FF}
	EndGlobalSection
EndGlobal
